
Microsoft Visual Studio Solution File, Format Version 12.00
# Visual Studio Version 16
VisualStudioVersion = 25.0.1704.4
MinimumVisualStudioVersion = 10.0.40219.1
Project("{FAE04EC0-301F-11D3-BF4B-00C04F79EFBC}") = "ShepherdPOS.Api", "ShepherdPOS.Api\ShepherdPOS.Api.csproj", "{5E267B76-9D24-4743-9E10-4776E9DA4C3D}"
EndProject
Project("{FAE04EC0-301F-11D3-BF4B-00C04F79EFBC}") = "ShepherdPOS.Model", "ShepherdPOS.Model\ShepherdPOS.Model.csproj", "{08DC787D-A3E0-4C62-BA0D-E9B3B157223C}"
EndProject
Project("{FAE04EC0-301F-11D3-BF4B-00C04F79EFBC}") = "ShepherdPOS.Web", "ShepherdPOS.Web\ShepherdPOS.Web.csproj", "{32982A43-7FC1-4506-B83C-C2D40E48A9D0}"
EndProject
Global
	GlobalSection(SolutionConfigurationPlatforms) = preSolution
		Debug|Any CPU = Debug|Any CPU
		Release|Any CPU = Release|Any CPU
	EndGlobalSection
	GlobalSection(ProjectConfigurationPlatforms) = postSolution
		{5E267B76-9D24-4743-9E10-4776E9DA4C3D}.Debug|Any CPU.ActiveCfg = Debug|Any CPU
		{5E267B76-9D24-4743-9E10-4776E9DA4C3D}.Debug|Any CPU.Build.0 = Debug|Any CPU
		{5E267B76-9D24-4743-9E10-4776E9DA4C3D}.Release|Any CPU.ActiveCfg = Release|Any CPU
		{5E267B76-9D24-4743-9E10-4776E9DA4C3D}.Release|Any CPU.Build.0 = Release|Any CPU
		{08DC787D-A3E0-4C62-BA0D-E9B3B157223C}.Debug|Any CPU.ActiveCfg = Debug|Any CPU
		{08DC787D-A3E0-4C62-BA0D-E9B3B157223C}.Debug|Any CPU.Build.0 = Debug|Any CPU
		{08DC787D-A3E0-4C62-BA0D-E9B3B157223C}.Release|Any CPU.ActiveCfg = Release|Any CPU
		{08DC787D-A3E0-4C62-BA0D-E9B3B157223C}.Release|Any CPU.Build.0 = Release|Any CPU
		{32982A43-7FC1-4506-B83C-C2D40E48A9D0}.Debug|Any CPU.ActiveCfg = Debug|Any CPU
		{32982A43-7FC1-4506-B83C-C2D40E48A9D0}.Debug|Any CPU.Build.0 = Debug|Any CPU
		{32982A43-7FC1-4506-B83C-C2D40E48A9D0}.Release|Any CPU.ActiveCfg = Release|Any CPU
		{32982A43-7FC1-4506-B83C-C2D40E48A9D0}.Release|Any CPU.Build.0 = Release|Any CPU
	EndGlobalSection
	GlobalSection(SolutionProperties) = preSolution
		HideSolutionNode = FALSE
	EndGlobalSection
	GlobalSection(ExtensibilityGlobals) = postSolution
		SolutionGuid = {9B22D204-D287-4077-89BD-FAC1E6B2B096}
	EndGlobalSection
EndGlobal
