
Microsoft Visual Studio Solution File, Format Version 12.00
# Visual Studio Version 16
VisualStudioVersion = 25.0.1704.4
MinimumVisualStudioVersion = 10.0.40219.1
Project("{2150E333-8FDC-42A3-9474-1A3956D46DE8}") = "Source", "Source", "{3C5028B5-F5B3-4BED-800D-16DCC2DC3EEB}"
EndProject
Project("{2150E333-8FDC-42A3-9474-1A3956D46DE8}") = "Infrastructure", "Infrastructure", "{D9A007DF-4DA2-4080-9260-D6583F8CDE85}"
EndProject
Project("{2150E333-8FDC-42A3-9474-1A3956D46DE8}") = "Shared", "Shared", "{4E7AD0D2-3D66-489B-A867-9E84E867535A}"
EndProject
Project("{2150E333-8FDC-42A3-9474-1A3956D46DE8}") = "Core", "Core", "{F638B06A-B0CB-4C8A-B264-D5D18EC4618C}"
EndProject
Project("{2150E333-8FDC-42A3-9474-1A3956D46DE8}") = "Web", "Web", "{86BCAB1D-449B-44B3-9F14-844E7F157C0B}"
EndProject
Project("{2150E333-8FDC-42A3-9474-1A3956D46DE8}") = "Client", "Client", "{DC49A831-0986-4916-92FF-844D47812E4B}"
EndProject
Project("{2150E333-8FDC-42A3-9474-1A3956D46DE8}") = "Server", "Server", "{BD24DF14-F29C-49AC-9A05-A99122FEE2A8}"
EndProject
Project("{FAE04EC0-301F-11D3-BF4B-00C04F79EFBC}") = "Client", "Client\Client.csproj", "{3348D6C3-C14B-4725-ABBE-8B538EECDF1E}"
EndProject
Project("{FAE04EC0-301F-11D3-BF4B-00C04F79EFBC}") = "Server", "Server\Server.csproj", "{118EC475-48D9-48E7-AB0C-5739CBDCDE64}"
EndProject
Project("{FAE04EC0-301F-11D3-BF4B-00C04F79EFBC}") = "Application", "Application\Application.csproj", "{25A663EE-1595-4416-8EFE-205DC6A42F6E}"
EndProject
Project("{FAE04EC0-301F-11D3-BF4B-00C04F79EFBC}") = "Domain", "Application\Domain\Domain.csproj", "{2B2D2D64-91E7-44FA-B9FE-346D970CE895}"
EndProject
Project("{FAE04EC0-301F-11D3-BF4B-00C04F79EFBC}") = "Infrastructure", "Infrastructure\Infrastructure.csproj", "{B058FED3-7980-4A84-BAF6-9C0D6444176C}"
EndProject
Project("{FAE04EC0-301F-11D3-BF4B-00C04F79EFBC}") = "Infrastructure.Shared", "Infrastructure\Infrastructure.Shared\Infrastructure.Shared.csproj", "{153C5826-5BF6-4CE4-9FEB-29FB97EAE128}"
EndProject
Project("{FAE04EC0-301F-11D3-BF4B-00C04F79EFBC}") = "Shared", "Shared\Shared.csproj", "{E60264ED-A5F0-4140-B498-B0A314B829BA}"
EndProject
Global
	GlobalSection(SolutionConfigurationPlatforms) = preSolution
		Debug|Any CPU = Debug|Any CPU
		Release|Any CPU = Release|Any CPU
	EndGlobalSection
	GlobalSection(ProjectConfigurationPlatforms) = postSolution
		{3348D6C3-C14B-4725-ABBE-8B538EECDF1E}.Debug|Any CPU.ActiveCfg = Debug|Any CPU
		{3348D6C3-C14B-4725-ABBE-8B538EECDF1E}.Debug|Any CPU.Build.0 = Debug|Any CPU
		{3348D6C3-C14B-4725-ABBE-8B538EECDF1E}.Release|Any CPU.ActiveCfg = Release|Any CPU
		{3348D6C3-C14B-4725-ABBE-8B538EECDF1E}.Release|Any CPU.Build.0 = Release|Any CPU
		{118EC475-48D9-48E7-AB0C-5739CBDCDE64}.Debug|Any CPU.ActiveCfg = Debug|Any CPU
		{118EC475-48D9-48E7-AB0C-5739CBDCDE64}.Debug|Any CPU.Build.0 = Debug|Any CPU
		{118EC475-48D9-48E7-AB0C-5739CBDCDE64}.Release|Any CPU.ActiveCfg = Release|Any CPU
		{118EC475-48D9-48E7-AB0C-5739CBDCDE64}.Release|Any CPU.Build.0 = Release|Any CPU
		{25A663EE-1595-4416-8EFE-205DC6A42F6E}.Debug|Any CPU.ActiveCfg = Debug|Any CPU
		{25A663EE-1595-4416-8EFE-205DC6A42F6E}.Debug|Any CPU.Build.0 = Debug|Any CPU
		{25A663EE-1595-4416-8EFE-205DC6A42F6E}.Release|Any CPU.ActiveCfg = Release|Any CPU
		{25A663EE-1595-4416-8EFE-205DC6A42F6E}.Release|Any CPU.Build.0 = Release|Any CPU
		{2B2D2D64-91E7-44FA-B9FE-346D970CE895}.Debug|Any CPU.ActiveCfg = Debug|Any CPU
		{2B2D2D64-91E7-44FA-B9FE-346D970CE895}.Debug|Any CPU.Build.0 = Debug|Any CPU
		{2B2D2D64-91E7-44FA-B9FE-346D970CE895}.Release|Any CPU.ActiveCfg = Release|Any CPU
		{2B2D2D64-91E7-44FA-B9FE-346D970CE895}.Release|Any CPU.Build.0 = Release|Any CPU
		{B058FED3-7980-4A84-BAF6-9C0D6444176C}.Debug|Any CPU.ActiveCfg = Debug|Any CPU
		{B058FED3-7980-4A84-BAF6-9C0D6444176C}.Debug|Any CPU.Build.0 = Debug|Any CPU
		{B058FED3-7980-4A84-BAF6-9C0D6444176C}.Release|Any CPU.ActiveCfg = Release|Any CPU
		{B058FED3-7980-4A84-BAF6-9C0D6444176C}.Release|Any CPU.Build.0 = Release|Any CPU
		{153C5826-5BF6-4CE4-9FEB-29FB97EAE128}.Debug|Any CPU.ActiveCfg = Debug|Any CPU
		{153C5826-5BF6-4CE4-9FEB-29FB97EAE128}.Debug|Any CPU.Build.0 = Debug|Any CPU
		{153C5826-5BF6-4CE4-9FEB-29FB97EAE128}.Release|Any CPU.ActiveCfg = Release|Any CPU
		{153C5826-5BF6-4CE4-9FEB-29FB97EAE128}.Release|Any CPU.Build.0 = Release|Any CPU
		{E60264ED-A5F0-4140-B498-B0A314B829BA}.Debug|Any CPU.ActiveCfg = Debug|Any CPU
		{E60264ED-A5F0-4140-B498-B0A314B829BA}.Debug|Any CPU.Build.0 = Debug|Any CPU
		{E60264ED-A5F0-4140-B498-B0A314B829BA}.Release|Any CPU.ActiveCfg = Release|Any CPU
		{E60264ED-A5F0-4140-B498-B0A314B829BA}.Release|Any CPU.Build.0 = Release|Any CPU
	EndGlobalSection
	GlobalSection(SolutionProperties) = preSolution
		HideSolutionNode = FALSE
	EndGlobalSection
	GlobalSection(ExtensibilityGlobals) = postSolution
		SolutionGuid = {084F89F6-A0BE-4B5B-8F76-D25C6733E8C3}
	EndGlobalSection
	GlobalSection(NestedProjects) = preSolution
		{D9A007DF-4DA2-4080-9260-D6583F8CDE85} = {3C5028B5-F5B3-4BED-800D-16DCC2DC3EEB}
		{4E7AD0D2-3D66-489B-A867-9E84E867535A} = {3C5028B5-F5B3-4BED-800D-16DCC2DC3EEB}
		{F638B06A-B0CB-4C8A-B264-D5D18EC4618C} = {3C5028B5-F5B3-4BED-800D-16DCC2DC3EEB}
		{86BCAB1D-449B-44B3-9F14-844E7F157C0B} = {3C5028B5-F5B3-4BED-800D-16DCC2DC3EEB}
		{DC49A831-0986-4916-92FF-844D47812E4B} = {86BCAB1D-449B-44B3-9F14-844E7F157C0B}
		{BD24DF14-F29C-49AC-9A05-A99122FEE2A8} = {86BCAB1D-449B-44B3-9F14-844E7F157C0B}
		{3348D6C3-C14B-4725-ABBE-8B538EECDF1E} = {DC49A831-0986-4916-92FF-844D47812E4B}
		{118EC475-48D9-48E7-AB0C-5739CBDCDE64} = {BD24DF14-F29C-49AC-9A05-A99122FEE2A8}
		{25A663EE-1595-4416-8EFE-205DC6A42F6E} = {F638B06A-B0CB-4C8A-B264-D5D18EC4618C}
		{2B2D2D64-91E7-44FA-B9FE-346D970CE895} = {F638B06A-B0CB-4C8A-B264-D5D18EC4618C}
		{B058FED3-7980-4A84-BAF6-9C0D6444176C} = {D9A007DF-4DA2-4080-9260-D6583F8CDE85}
		{153C5826-5BF6-4CE4-9FEB-29FB97EAE128} = {D9A007DF-4DA2-4080-9260-D6583F8CDE85}
		{E60264ED-A5F0-4140-B498-B0A314B829BA} = {4E7AD0D2-3D66-489B-A867-9E84E867535A}
	EndGlobalSection
EndGlobal
