
Microsoft Visual Studio Solution File, Format Version 12.00
# Visual Studio Version 16
VisualStudioVersion = 25.0.1704.4
MinimumVisualStudioVersion = 10.0.40219.1
Project("{FAE04EC0-301F-11D3-BF4B-00C04F79EFBC}") = "ShepherdPOS.Api", "ShepherdPOS.Api.csproj", "{F43DB9F0-436F-489D-816A-A19012DE1620}"
EndProject
Project("{FAE04EC0-301F-11D3-BF4B-00C04F79EFBC}") = "ShepherdPOS.Web", "..\ShepherdPOS.Web\ShepherdPOS.Web.csproj", "{A8315A2B-5144-4A86-A3F1-D97C85F48189}"
EndProject
Project("{FAE04EC0-301F-11D3-BF4B-00C04F79EFBC}") = "ShepherdPOS.Models", "..\ShepherdPOS.Model\ShepherdPOS.Models.csproj", "{347EAF17-A6D4-4E28-9F1D-DB9E8411338A}"
EndProject
Global
	GlobalSection(SolutionConfigurationPlatforms) = preSolution
		Debug|Any CPU = Debug|Any CPU
		Release|Any CPU = Release|Any CPU
	EndGlobalSection
	GlobalSection(ProjectConfigurationPlatforms) = postSolution
		{F43DB9F0-436F-489D-816A-A19012DE1620}.Debug|Any CPU.ActiveCfg = Debug|Any CPU
		{F43DB9F0-436F-489D-816A-A19012DE1620}.Debug|Any CPU.Build.0 = Debug|Any CPU
		{F43DB9F0-436F-489D-816A-A19012DE1620}.Release|Any CPU.ActiveCfg = Release|Any CPU
		{F43DB9F0-436F-489D-816A-A19012DE1620}.Release|Any CPU.Build.0 = Release|Any CPU
		{A8315A2B-5144-4A86-A3F1-D97C85F48189}.Debug|Any CPU.ActiveCfg = Debug|Any CPU
		{A8315A2B-5144-4A86-A3F1-D97C85F48189}.Debug|Any CPU.Build.0 = Debug|Any CPU
		{A8315A2B-5144-4A86-A3F1-D97C85F48189}.Release|Any CPU.ActiveCfg = Release|Any CPU
		{A8315A2B-5144-4A86-A3F1-D97C85F48189}.Release|Any CPU.Build.0 = Release|Any CPU
		{347EAF17-A6D4-4E28-9F1D-DB9E8411338A}.Debug|Any CPU.ActiveCfg = Debug|Any CPU
		{347EAF17-A6D4-4E28-9F1D-DB9E8411338A}.Debug|Any CPU.Build.0 = Debug|Any CPU
		{347EAF17-A6D4-4E28-9F1D-DB9E8411338A}.Release|Any CPU.ActiveCfg = Release|Any CPU
		{347EAF17-A6D4-4E28-9F1D-DB9E8411338A}.Release|Any CPU.Build.0 = Release|Any CPU
	EndGlobalSection
	GlobalSection(SolutionProperties) = preSolution
		HideSolutionNode = FALSE
	EndGlobalSection
	GlobalSection(ExtensibilityGlobals) = postSolution
		SolutionGuid = {4C492C14-30FD-4AB2-A1CD-6A0A5E73BCCE}
	EndGlobalSection
	GlobalSection(MonoDevelopProperties) = preSolution
		Policies = $0
		$0.DotNetNamingPolicy = $1
		$1.DirectoryNamespaceAssociation = PrefixedHierarchical
	EndGlobalSection
EndGlobal
